
Microsoft Visual Studio Solution File, Format Version 12.00
# Visual Studio 15
VisualStudioVersion = 15.0.28307.1758
MinimumVisualStudioVersion = 10.0.40219.1
Project("{8BC9CEB8-8B4A-11D0-8D11-00A0C91BC942}") = "text1-三子棋", "text1-三子棋\text1-三子棋.vcxproj", "{E6556153-25E6-4995-83B5-53BF07890B4B}"
EndProject
Global
	GlobalSection(SolutionConfigurationPlatforms) = preSolution
		Debug|x64 = Debug|x64
		Debug|x86 = Debug|x86
		Release|x64 = Release|x64
		Release|x86 = Release|x86
	EndGlobalSection
	GlobalSection(ProjectConfigurationPlatforms) = postSolution
		{E6556153-25E6-4995-83B5-53BF07890B4B}.Debug|x64.ActiveCfg = Debug|x64
		{E6556153-25E6-4995-83B5-53BF07890B4B}.Debug|x64.Build.0 = Debug|x64
		{E6556153-25E6-4995-83B5-53BF07890B4B}.Debug|x86.ActiveCfg = Debug|Win32
		{E6556153-25E6-4995-83B5-53BF07890B4B}.Debug|x86.Build.0 = Debug|Win32
		{E6556153-25E6-4995-83B5-53BF07890B4B}.Release|x64.ActiveCfg = Release|x64
		{E6556153-25E6-4995-83B5-53BF07890B4B}.Release|x64.Build.0 = Release|x64
		{E6556153-25E6-4995-83B5-53BF07890B4B}.Release|x86.ActiveCfg = Release|Win32
		{E6556153-25E6-4995-83B5-53BF07890B4B}.Release|x86.Build.0 = Release|Win32
	EndGlobalSection
	GlobalSection(SolutionProperties) = preSolution
		HideSolutionNode = FALSE
	EndGlobalSection
	GlobalSection(ExtensibilityGlobals) = postSolution
		SolutionGuid = {7FA6AE4F-3B2F-4F72-B9D2-453F17687770}
	EndGlobalSection
EndGlobal
